
Microsoft Visual Studio Solution File, Format Version 12.00
# Visual Studio Version 16
VisualStudioVersion = 16.0.31424.327
MinimumVisualStudioVersion = 10.0.40219.1
Project("{FAE04EC0-301F-11D3-BF4B-00C04F79EFBC}") = "IP lock", "IP lock\IP lock.csproj", "{6A04A6EF-0892-4D40-BFE1-CF2EC957293B}"
EndProject
Global
	GlobalSection(SolutionConfigurationPlatforms) = preSolution
		Debug|Any CPU = Debug|Any CPU
		Release|Any CPU = Release|Any CPU
	EndGlobalSection
	GlobalSection(ProjectConfigurationPlatforms) = postSolution
		{6A04A6EF-0892-4D40-BFE1-CF2EC957293B}.Debug|Any CPU.ActiveCfg = Debug|Any CPU
		{6A04A6EF-0892-4D40-BFE1-CF2EC957293B}.Debug|Any CPU.Build.0 = Debug|Any CPU
		{6A04A6EF-0892-4D40-BFE1-CF2EC957293B}.Release|Any CPU.ActiveCfg = Release|Any CPU
		{6A04A6EF-0892-4D40-BFE1-CF2EC957293B}.Release|Any CPU.Build.0 = Release|Any CPU
	EndGlobalSection
	GlobalSection(SolutionProperties) = preSolution
		HideSolutionNode = FALSE
	EndGlobalSection
	GlobalSection(ExtensibilityGlobals) = postSolution
		SolutionGuid = {30BA229B-FDB5-4FD8-9BF2-23DD266A9C34}
	EndGlobalSection
EndGlobal
